
Microsoft Visual Studio Solution File, Format Version 12.00
# Visual Studio Version 17
VisualStudioVersion = 17.7.34003.232
MinimumVisualStudioVersion = 10.0.40219.1
Project("{FAE04EC0-301F-11D3-BF4B-00C04F79EFBC}") = "Day6", "Day6\Day6.csproj", "{F96A6840-0F9D-4FCB-A409-D60F75777735}"
EndProject
Global
	GlobalSection(SolutionConfigurationPlatforms) = preSolution
		Debug|Any CPU = Debug|Any CPU
		Release|Any CPU = Release|Any CPU
	EndGlobalSection
	GlobalSection(ProjectConfigurationPlatforms) = postSolution
		{F96A6840-0F9D-4FCB-A409-D60F75777735}.Debug|Any CPU.ActiveCfg = Debug|Any CPU
		{F96A6840-0F9D-4FCB-A409-D60F75777735}.Debug|Any CPU.Build.0 = Debug|Any CPU
		{F96A6840-0F9D-4FCB-A409-D60F75777735}.Release|Any CPU.ActiveCfg = Release|Any CPU
		{F96A6840-0F9D-4FCB-A409-D60F75777735}.Release|Any CPU.Build.0 = Release|Any CPU
	EndGlobalSection
	GlobalSection(SolutionProperties) = preSolution
		HideSolutionNode = FALSE
	EndGlobalSection
	GlobalSection(ExtensibilityGlobals) = postSolution
		SolutionGuid = {32885FB2-E449-4EB6-9B37-B76DEC9C8A8C}
	EndGlobalSection
EndGlobal
