
Microsoft Visual Studio Solution File, Format Version 12.00
# Visual Studio Version 17
VisualStudioVersion = 17.7.34003.232
MinimumVisualStudioVersion = 10.0.40219.1
Project("{9A19103F-16F7-4668-BE54-9A1E7A4F7556}") = "N_Tier architectur", "N_Tier architectur\N_Tier architectur.csproj", "{0E7F1306-1D1F-4312-9067-B9D2D0D5575A}"
EndProject
Project("{9A19103F-16F7-4668-BE54-9A1E7A4F7556}") = "AcademyCode.BLL", "AcademyCode.BLL\AcademyCode.BLL.csproj", "{57CD2C37-E530-4BE2-A8CE-99B31ECDCE53}"
EndProject
Project("{9A19103F-16F7-4668-BE54-9A1E7A4F7556}") = "CodeAcademy.DAL", "CodeAcademy.DAL\CodeAcademy.DAL.csproj", "{EC9E9A3B-B94F-49F2-8456-D8AFA4DC31AA}"
EndProject
Global
	GlobalSection(SolutionConfigurationPlatforms) = preSolution
		Debug|Any CPU = Debug|Any CPU
		Release|Any CPU = Release|Any CPU
	EndGlobalSection
	GlobalSection(ProjectConfigurationPlatforms) = postSolution
		{0E7F1306-1D1F-4312-9067-B9D2D0D5575A}.Debug|Any CPU.ActiveCfg = Debug|Any CPU
		{0E7F1306-1D1F-4312-9067-B9D2D0D5575A}.Debug|Any CPU.Build.0 = Debug|Any CPU
		{0E7F1306-1D1F-4312-9067-B9D2D0D5575A}.Release|Any CPU.ActiveCfg = Release|Any CPU
		{0E7F1306-1D1F-4312-9067-B9D2D0D5575A}.Release|Any CPU.Build.0 = Release|Any CPU
		{57CD2C37-E530-4BE2-A8CE-99B31ECDCE53}.Debug|Any CPU.ActiveCfg = Debug|Any CPU
		{57CD2C37-E530-4BE2-A8CE-99B31ECDCE53}.Debug|Any CPU.Build.0 = Debug|Any CPU
		{57CD2C37-E530-4BE2-A8CE-99B31ECDCE53}.Release|Any CPU.ActiveCfg = Release|Any CPU
		{57CD2C37-E530-4BE2-A8CE-99B31ECDCE53}.Release|Any CPU.Build.0 = Release|Any CPU
		{EC9E9A3B-B94F-49F2-8456-D8AFA4DC31AA}.Debug|Any CPU.ActiveCfg = Debug|Any CPU
		{EC9E9A3B-B94F-49F2-8456-D8AFA4DC31AA}.Debug|Any CPU.Build.0 = Debug|Any CPU
		{EC9E9A3B-B94F-49F2-8456-D8AFA4DC31AA}.Release|Any CPU.ActiveCfg = Release|Any CPU
		{EC9E9A3B-B94F-49F2-8456-D8AFA4DC31AA}.Release|Any CPU.Build.0 = Release|Any CPU
	EndGlobalSection
	GlobalSection(SolutionProperties) = preSolution
		HideSolutionNode = FALSE
	EndGlobalSection
	GlobalSection(ExtensibilityGlobals) = postSolution
		SolutionGuid = {DA84CFA0-C1E7-4408-83BE-6558D312B241}
	EndGlobalSection
EndGlobal
