
Microsoft Visual Studio Solution File, Format Version 12.00
# Visual Studio Version 17
VisualStudioVersion = 17.7.34003.232
MinimumVisualStudioVersion = 10.0.40219.1
Project("{FAE04EC0-301F-11D3-BF4B-00C04F79EFBC}") = "HelloWorld", "HelloWorld\HelloWorld.csproj", "{AA872EE0-D15C-4F7D-A013-2479DE875B7E}"
EndProject
Global
	GlobalSection(SolutionConfigurationPlatforms) = preSolution
		Debug|Any CPU = Debug|Any CPU
		Release|Any CPU = Release|Any CPU
	EndGlobalSection
	GlobalSection(ProjectConfigurationPlatforms) = postSolution
		{AA872EE0-D15C-4F7D-A013-2479DE875B7E}.Debug|Any CPU.ActiveCfg = Debug|Any CPU
		{AA872EE0-D15C-4F7D-A013-2479DE875B7E}.Debug|Any CPU.Build.0 = Debug|Any CPU
		{AA872EE0-D15C-4F7D-A013-2479DE875B7E}.Release|Any CPU.ActiveCfg = Release|Any CPU
		{AA872EE0-D15C-4F7D-A013-2479DE875B7E}.Release|Any CPU.Build.0 = Release|Any CPU
	EndGlobalSection
	GlobalSection(SolutionProperties) = preSolution
		HideSolutionNode = FALSE
	EndGlobalSection
	GlobalSection(ExtensibilityGlobals) = postSolution
		SolutionGuid = {472FDDA1-40CC-49EF-ADA3-1783AC5E9427}
	EndGlobalSection
EndGlobal
