
Microsoft Visual Studio Solution File, Format Version 12.00
# Visual Studio Version 17
VisualStudioVersion = 17.7.34003.232
MinimumVisualStudioVersion = 10.0.40219.1
Project("{FAE04EC0-301F-11D3-BF4B-00C04F79EFBC}") = "Day7", "Day7\Day7.csproj", "{4C5C008E-CF9F-489C-8900-5B5B8CEF6000}"
EndProject
Global
	GlobalSection(SolutionConfigurationPlatforms) = preSolution
		Debug|Any CPU = Debug|Any CPU
		Release|Any CPU = Release|Any CPU
	EndGlobalSection
	GlobalSection(ProjectConfigurationPlatforms) = postSolution
		{4C5C008E-CF9F-489C-8900-5B5B8CEF6000}.Debug|Any CPU.ActiveCfg = Debug|Any CPU
		{4C5C008E-CF9F-489C-8900-5B5B8CEF6000}.Debug|Any CPU.Build.0 = Debug|Any CPU
		{4C5C008E-CF9F-489C-8900-5B5B8CEF6000}.Release|Any CPU.ActiveCfg = Release|Any CPU
		{4C5C008E-CF9F-489C-8900-5B5B8CEF6000}.Release|Any CPU.Build.0 = Release|Any CPU
	EndGlobalSection
	GlobalSection(SolutionProperties) = preSolution
		HideSolutionNode = FALSE
	EndGlobalSection
	GlobalSection(ExtensibilityGlobals) = postSolution
		SolutionGuid = {3C9DB073-BBF2-4D23-82CB-AA34E0BE9204}
	EndGlobalSection
EndGlobal
